{
  "version": 4,
  "terraform_version": "1.4.6",
  "serial": 5,
  "lineage": "902a93c8-e48f-85bf-1fb0-010816bc7ad9",
  "outputs": {},
  "resources": [
    {
      "module": "module.resource",
      "mode": "managed",
      "type": "newrelic_alert_policy",
      "name": "policy",
      "provider": "module.resource.provider[\"registry.terraform.io/newrelic/newrelic\"]",
      "instances": [
        {
          "schema_version": 0,
          "attributes": {
            "account_id": 3930391,
            "channel_ids": null,
            "id": "4350939",
            "incident_preference": "PER_POLICY",
            "name": "sachin: APM Monitoring"
          },
          "sensitive_attributes": [],
          "private": "bnVsbA=="
        }
      ]
    },
    {
      "module": "module.resource",
      "mode": "managed",
      "type": "newrelic_nrql_alert_condition",
      "name": "apdex_condition",
      "provider": "module.resource.provider[\"registry.terraform.io/newrelic/newrelic\"]",
      "instances": [
        {
          "index_key": 0,
          "schema_version": 0,
          "attributes": {
            "account_id": 3930391,
            "aggregation_delay": null,
            "aggregation_method": null,
            "aggregation_timer": null,
            "aggregation_window": 60,
            "baseline_direction": null,
            "close_violations_on_expiration": false,
            "critical": [
              {
                "duration": 0,
                "operator": "below",
                "threshold": 0.7,
                "threshold_duration": 300,
                "threshold_occurrences": "all",
                "time_function": ""
              }
            ],
            "description": "",
            "enabled": true,
            "entity_guid": "MzkzMDM5MXxBSU9QU3xDT05ESVRJT058MzIyMjAyNzk",
            "evaluation_delay": null,
            "expiration_duration": 0,
            "fill_option": "none",
            "fill_value": 0,
            "id": "4350939:32220279",
            "name": "SACHIN-1",
            "nrql": [
              {
                "evaluation_offset": 3,
                "query": "SELECT apdex(duration, t: 0.4) FROM Transaction WHERE appName = 'sachin' AND accountId = 3930388",
                "since_value": ""
              }
            ],
            "open_violation_on_expiration": false,
            "policy_id": 4350939,
            "runbook_url": "",
            "slide_by": null,
            "term": [],
            "timeouts": null,
            "type": "static",
            "violation_time_limit": "NON_MATCHABLE_LIMIT_VALUE",
            "violation_time_limit_seconds": 259200,
            "warning": [
              {
                "duration": 0,
                "operator": "below",
                "threshold": 0.8,
                "threshold_duration": 300,
                "threshold_occurrences": "all",
                "time_function": ""
              }
            ]
          },
          "sensitive_attributes": [],
          "private": "eyJlMmJmYjczMC1lY2FhLTExZTYtOGY4OC0zNDM2M2JjN2M0YzAiOnsiY3JlYXRlIjozMDAwMDAwMDAwMH19",
          "dependencies": [
            "module.resource.newrelic_alert_policy.policy"
          ]
        },
        {
          "index_key": 1,
          "schema_version": 0,
          "attributes": {
            "account_id": 3930391,
            "aggregation_delay": null,
            "aggregation_method": null,
            "aggregation_timer": null,
            "aggregation_window": 60,
            "baseline_direction": null,
            "close_violations_on_expiration": false,
            "critical": [
              {
                "duration": 0,
                "operator": "below",
                "threshold": 0.7,
                "threshold_duration": 300,
                "threshold_occurrences": "all",
                "time_function": ""
              }
            ],
            "description": "",
            "enabled": true,
            "entity_guid": "MzkzMDM5MXxBSU9QU3xDT05ESVRJT058MzIyMjAyODA",
            "evaluation_delay": null,
            "expiration_duration": 0,
            "fill_option": "none",
            "fill_value": 0,
            "id": "4350939:32220280",
            "name": "SACHIN-2",
            "nrql": [
              {
                "evaluation_offset": 3,
                "query": "SELECT apdex(duration, t: 0.4) FROM Transaction WHERE appName = 'sachin' AND accountId = 3930388",
                "since_value": ""
              }
            ],
            "open_violation_on_expiration": false,
            "policy_id": 4350939,
            "runbook_url": "",
            "slide_by": null,
            "term": [],
            "timeouts": null,
            "type": "static",
            "violation_time_limit": "NON_MATCHABLE_LIMIT_VALUE",
            "violation_time_limit_seconds": 259200,
            "warning": [
              {
                "duration": 0,
                "operator": "below",
                "threshold": 0.8,
                "threshold_duration": 300,
                "threshold_occurrences": "all",
                "time_function": ""
              }
            ]
          },
          "sensitive_attributes": [],
          "private": "eyJlMmJmYjczMC1lY2FhLTExZTYtOGY4OC0zNDM2M2JjN2M0YzAiOnsiY3JlYXRlIjozMDAwMDAwMDAwMH19",
          "dependencies": [
            "module.resource.newrelic_alert_policy.policy"
          ]
        }
      ]
    },
    {
      "module": "module.resource",
      "mode": "managed",
      "type": "newrelic_nrql_alert_condition",
      "name": "error_rate_condition",
      "provider": "module.resource.provider[\"registry.terraform.io/newrelic/newrelic\"]",
      "instances": [
        {
          "schema_version": 0,
          "attributes": {
            "account_id": 3930391,
            "aggregation_delay": null,
            "aggregation_method": null,
            "aggregation_timer": null,
            "aggregation_window": 60,
            "baseline_direction": null,
            "close_violations_on_expiration": false,
            "critical": [
              {
                "duration": 0,
                "operator": "above",
                "threshold": 5,
                "threshold_duration": 300,
                "threshold_occurrences": "all",
                "time_function": ""
              }
            ],
            "description": "",
            "enabled": true,
            "entity_guid": "MzkzMDM5MXxBSU9QU3xDT05ESVRJT058MzIyMjAyNzg",
            "evaluation_delay": null,
            "expiration_duration": 0,
            "fill_option": "none",
            "fill_value": 0,
            "id": "4350939:32220278",
            "name": "Error rate (High)",
            "nrql": [
              {
                "evaluation_offset": 3,
                "query": "SELECT percentage(count(*), WHERE error IS TRUE) FROM Transaction WHERE appName = 'sachin' AND accountId = 3930388",
                "since_value": ""
              }
            ],
            "open_violation_on_expiration": false,
            "policy_id": 4350939,
            "runbook_url": "",
            "slide_by": null,
            "term": [],
            "timeouts": null,
            "type": "static",
            "violation_time_limit": "NON_MATCHABLE_LIMIT_VALUE",
            "violation_time_limit_seconds": 259200,
            "warning": [
              {
                "duration": 0,
                "operator": "above",
                "threshold": 0.8,
                "threshold_duration": 300,
                "threshold_occurrences": "all",
                "time_function": ""
              }
            ]
          },
          "sensitive_attributes": [],
          "private": "eyJlMmJmYjczMC1lY2FhLTExZTYtOGY4OC0zNDM2M2JjN2M0YzAiOnsiY3JlYXRlIjozMDAwMDAwMDAwMH19",
          "dependencies": [
            "module.resource.newrelic_alert_policy.policy"
          ]
        }
      ]
    }
  ],
  "check_results": null
}
